{
    "name": "mangum-test",
    "lockfileVersion": 2,
    "requires": true,
    "packages": {
        "": {
            "devDependencies": {
                "serverless-wsgi": "^3.0.0"
            }
        },
        "node_modules/async": {
            "version": "1.5.2",
            "resolved": "https://registry.npmjs.org/async/-/async-1.5.2.tgz",
            "integrity": "sha1-7GphrlZIDAw8skHJVhjiCJL5Zyo=",
            "dev": true
        },
        "node_modules/bluebird": {
            "version": "3.7.2",
            "resolved": "https://registry.npmjs.org/bluebird/-/bluebird-3.7.2.tgz",
            "integrity": "sha512-XpNj6GDQzdfW+r2Wnn7xiSAd7TM3jzkxGXBGTtWKuSXv1xUV+azxAm8jdWZN06QTQk+2N2XB9jRDkvbmQmcRtg==",
            "dev": true
        },
        "node_modules/fs-extra": {
            "version": "10.0.1",
            "resolved": "https://registry.npmjs.org/fs-extra/-/fs-extra-10.0.1.tgz",
            "integrity": "sha512-NbdoVMZso2Lsrn/QwLXOy6rm0ufY2zEOKCDzJR/0kBsb0E6qed0P3iYK+Ath3BfvXEeu4JhEtXLgILx5psUfag==",
            "dev": true,
            "dependencies": {
                "graceful-fs": "^4.2.0",
                "jsonfile": "^6.0.1",
                "universalify": "^2.0.0"
            },
            "engines": {
                "node": ">=12"
            }
        },
        "node_modules/graceful-fs": {
            "version": "4.2.9",
            "resolved": "https://registry.npmjs.org/graceful-fs/-/graceful-fs-4.2.9.tgz",
            "integrity": "sha512-NtNxqUcXgpW2iMrfqSfR73Glt39K+BLwWsPs94yR63v45T0Wbej7eRmL5cWfwEgqXnmjQp3zaJTshdRW/qC2ZQ==",
            "dev": true
        },
        "node_modules/hasbin": {
            "version": "1.2.3",
            "resolved": "https://registry.npmjs.org/hasbin/-/hasbin-1.2.3.tgz",
            "integrity": "sha1-eMWSaJPIAhXCtWiuH9P8q3omlrA=",
            "dev": true,
            "dependencies": {
                "async": "~1.5"
            },
            "engines": {
                "node": ">=0.10"
            }
        },
        "node_modules/jsonfile": {
            "version": "6.1.0",
            "resolved": "https://registry.npmjs.org/jsonfile/-/jsonfile-6.1.0.tgz",
            "integrity": "sha512-5dgndWOriYSm5cnYaJNhalLNDKOqFwyDB/rr1E9ZsGciGvKPs8R2xYGCacuf3z6K1YKDz182fd+fY3cn3pMqXQ==",
            "dev": true,
            "dependencies": {
                "universalify": "^2.0.0"
            },
            "optionalDependencies": {
                "graceful-fs": "^4.1.6"
            }
        },
        "node_modules/lodash": {
            "version": "4.17.21",
            "resolved": "https://registry.npmjs.org/lodash/-/lodash-4.17.21.tgz",
            "integrity": "sha512-v2kDEe57lecTulaDIuNTPy3Ry4gLGJ6Z1O3vE1krgXZNrsQ+LFTGHVxVjcXPs17LhbZVGedAJv8XZ1tvj5FvSg==",
            "dev": true
        },
        "node_modules/serverless-wsgi": {
            "version": "3.0.0",
            "resolved": "https://registry.npmjs.org/serverless-wsgi/-/serverless-wsgi-3.0.0.tgz",
            "integrity": "sha512-+F9Rtx02miUaWaq1x+3yCGqyRcWrZGaEU2rs57Q+ywYHmIqyxzwgHOPgt1SY0vLQwVTlSuIAhukUjEqcHHagAQ==",
            "dev": true,
            "dependencies": {
                "bluebird": "^3.7.2",
                "fs-extra": "^10.0.0",
                "hasbin": "^1.2.3",
                "lodash": "^4.17.21"
            },
            "engines": {
                "node": ">=10"
            }
        },
        "node_modules/universalify": {
            "version": "2.0.0",
            "resolved": "https://registry.npmjs.org/universalify/-/universalify-2.0.0.tgz",
            "integrity": "sha512-hAZsKq7Yy11Zu1DE0OzWjw7nnLZmJZYTDZZyEFHZdUhV8FkH5MCfoU1XMaxXovpyW5nq5scPqq0ZDP9Zyl04oQ==",
            "dev": true,
            "engines": {
                "node": ">= 10.0.0"
            }
        }
    },
    "dependencies": {
        "async": {
            "version": "1.5.2",
            "resolved": "https://registry.npmjs.org/async/-/async-1.5.2.tgz",
            "integrity": "sha1-7GphrlZIDAw8skHJVhjiCJL5Zyo=",
            "dev": true
        },
        "bluebird": {
            "version": "3.7.2",
            "resolved": "https://registry.npmjs.org/bluebird/-/bluebird-3.7.2.tgz",
            "integrity": "sha512-XpNj6GDQzdfW+r2Wnn7xiSAd7TM3jzkxGXBGTtWKuSXv1xUV+azxAm8jdWZN06QTQk+2N2XB9jRDkvbmQmcRtg==",
            "dev": true
        },
        "fs-extra": {
            "version": "10.0.1",
            "resolved": "https://registry.npmjs.org/fs-extra/-/fs-extra-10.0.1.tgz",
            "integrity": "sha512-NbdoVMZso2Lsrn/QwLXOy6rm0ufY2zEOKCDzJR/0kBsb0E6qed0P3iYK+Ath3BfvXEeu4JhEtXLgILx5psUfag==",
            "dev": true,
            "requires": {
                "graceful-fs": "^4.2.0",
                "jsonfile": "^6.0.1",
                "universalify": "^2.0.0"
            }
        },
        "graceful-fs": {
            "version": "4.2.9",
            "resolved": "https://registry.npmjs.org/graceful-fs/-/graceful-fs-4.2.9.tgz",
            "integrity": "sha512-NtNxqUcXgpW2iMrfqSfR73Glt39K+BLwWsPs94yR63v45T0Wbej7eRmL5cWfwEgqXnmjQp3zaJTshdRW/qC2ZQ==",
            "dev": true
        },
        "hasbin": {
            "version": "1.2.3",
            "resolved": "https://registry.npmjs.org/hasbin/-/hasbin-1.2.3.tgz",
            "integrity": "sha1-eMWSaJPIAhXCtWiuH9P8q3omlrA=",
            "dev": true,
            "requires": {
                "async": "~1.5"
            }
        },
        "jsonfile": {
            "version": "6.1.0",
            "resolved": "https://registry.npmjs.org/jsonfile/-/jsonfile-6.1.0.tgz",
            "integrity": "sha512-5dgndWOriYSm5cnYaJNhalLNDKOqFwyDB/rr1E9ZsGciGvKPs8R2xYGCacuf3z6K1YKDz182fd+fY3cn3pMqXQ==",
            "dev": true,
            "requires": {
                "graceful-fs": "^4.1.6",
                "universalify": "^2.0.0"
            }
        },
        "lodash": {
            "version": "4.17.21",
            "resolved": "https://registry.npmjs.org/lodash/-/lodash-4.17.21.tgz",
            "integrity": "sha512-v2kDEe57lecTulaDIuNTPy3Ry4gLGJ6Z1O3vE1krgXZNrsQ+LFTGHVxVjcXPs17LhbZVGedAJv8XZ1tvj5FvSg==",
            "dev": true
        },
        "serverless-wsgi": {
            "version": "3.0.0",
            "resolved": "https://registry.npmjs.org/serverless-wsgi/-/serverless-wsgi-3.0.0.tgz",
            "integrity": "sha512-+F9Rtx02miUaWaq1x+3yCGqyRcWrZGaEU2rs57Q+ywYHmIqyxzwgHOPgt1SY0vLQwVTlSuIAhukUjEqcHHagAQ==",
            "dev": true,
            "requires": {
                "bluebird": "^3.7.2",
                "fs-extra": "^10.0.0",
                "hasbin": "^1.2.3",
                "lodash": "^4.17.21"
            }
        },
        "universalify": {
            "version": "2.0.0",
            "resolved": "https://registry.npmjs.org/universalify/-/universalify-2.0.0.tgz",
            "integrity": "sha512-hAZsKq7Yy11Zu1DE0OzWjw7nnLZmJZYTDZZyEFHZdUhV8FkH5MCfoU1XMaxXovpyW5nq5scPqq0ZDP9Zyl04oQ==",
            "dev": true
        }
    }
}
